{
  "lockfileVersion": 1,
  "workspaces": {
    "": {
      "name": "react",
      "dependencies": {
        "@opentui/core": "^0.1.24",
        "@opentui/react": "^0.1.24",
        "react": "^19.1.1",
      },
      "devDependencies": {
        "@types/bun": "latest",
      },
      "peerDependencies": {
        "typescript": "^5",
      },
    },
  },
  "packages": {
    "@dimforge/rapier2d-simd-compat": ["@dimforge/rapier2d-simd-compat@0.17.3", "", {}, "sha512-bijvwWz6NHsNj5e5i1vtd3dU2pDhthSaTUZSh14DUGGKJfw8eMnlWZsxwHBxB/a3AXVNDjL9abuHw1k9FGR+jg=="],

    "@opentui/core": ["@opentui/core@0.1.24", "", { "optionalDependencies": { "@dimforge/rapier2d-simd-compat": "^0.17.3", "@opentui/core-darwin-arm64": "0.1.24", "@opentui/core-darwin-x64": "0.1.24", "@opentui/core-linux-arm64": "0.1.24", "@opentui/core-linux-x64": "0.1.24", "@opentui/core-win32-arm64": "0.1.24", "@opentui/core-win32-x64": "0.1.24", "bun-webgpu": "0.1.3", "planck": "^1.4.2", "three": "0.177.0" } }, "sha512-AbbrIvXxei9j9xfwQfe4TU+2P+x3MPIuaR1H0n01/jXmuCZGzl6Nl3xsSXC5iGTwaC6+RLsDnDBjNTENeIvetw=="],

    "@opentui/core-darwin-arm64": ["@opentui/core-darwin-arm64@0.1.24", "", { "os": "darwin", "cpu": "arm64" }, "sha512-TLJkdIBeDdLA6SMAFGD9mi9ItcHa2eGqePt8B0DQr04M7kbe+Okqj7Y4Kuz2PJc5VJ+7MNowFwSjN1DPPjbpXw=="],

    "@opentui/core-darwin-x64": ["@opentui/core-darwin-x64@0.1.24", "", { "os": "darwin", "cpu": "x64" }, "sha512-qRW0HGdCbETIw/CHQ6jevcP/+ovi+kttOOgJW0Cr2OOAltOLfi/4jkPNAwQL3H2UslGEOGGYgbbpYFKCupUZ5Q=="],

    "@opentui/core-linux-arm64": ["@opentui/core-linux-arm64@0.1.24", "", { "os": "linux", "cpu": "arm64" }, "sha512-u2fvRvOyJfkMYLPNM8X+MxPqEqHCj2VyzhaIdtON72uIfXx0MvIi/srBuFe/lxnIw6ynnZUKs0A+UR71fhQqZA=="],

    "@opentui/core-linux-x64": ["@opentui/core-linux-x64@0.1.24", "", { "os": "linux", "cpu": "x64" }, "sha512-hzJDdAtPgLS716qXAVT7Rlci+VegPhoy4fhBcoZQ0HH1eV/olRWuLn8uonARnS59uq4cSxamhMOYm98tFCL7zg=="],

    "@opentui/core-win32-arm64": ["@opentui/core-win32-arm64@0.1.24", "", { "os": "win32", "cpu": "arm64" }, "sha512-YzraZ5kEp+DhXuUYP//KGCbWxlEc3Zcar2swggE0ktvqIgtfo0mOQddSkbWFEoQVcVeitCTbNY023G72fe+LUg=="],

    "@opentui/core-win32-x64": ["@opentui/core-win32-x64@0.1.24", "", { "os": "win32", "cpu": "x64" }, "sha512-IuP5j6qYiSmdCc4mDxOZqDCRjXMGwM1dYk2PVn8AlIuwsG4qZLwEi7OrupBVre3HB2/ppyodeyw33l22nImMzA=="],

    "@opentui/react": ["@opentui/react@0.1.24", "", { "dependencies": { "@opentui/core": "0.1.24", "react-reconciler": "^0.32.0" }, "peerDependencies": { "react": ">=19.0.0" } }, "sha512-gVDEu+N7jUX7TlO6wrdCHXUwQ0olYXO8Fag8sIVXVCcC3xt5BjFD83U20uuGejUSaofTLFzfcR5rAde3+BoqSA=="],

    "@types/bun": ["@types/bun@1.2.20", "", { "dependencies": { "bun-types": "1.2.20" } }, "sha512-dX3RGzQ8+KgmMw7CsW4xT5ITBSCrSbfHc36SNT31EOUg/LA9JWq0VDdEXDRSe1InVWpd2yLUM1FUF/kEOyTzYA=="],

    "@types/node": ["@types/node@24.3.0", "", { "dependencies": { "undici-types": "~7.10.0" } }, "sha512-aPTXCrfwnDLj4VvXrm+UUCQjNEvJgNA8s5F1cvwQU+3KNltTOkBm1j30uNLyqqPNe7gE3KFzImYoZEfLhp4Yow=="],

    "@types/react": ["@types/react@19.1.11", "", { "dependencies": { "csstype": "^3.0.2" } }, "sha512-lr3jdBw/BGj49Eps7EvqlUaoeA0xpj3pc0RoJkHpYaCHkVK7i28dKyImLQb3JVlqs3aYSXf7qYuWOW/fgZnTXQ=="],

    "@webgpu/types": ["@webgpu/types@0.1.64", "", {}, "sha512-84kRIAGV46LJTlJZWxShiOrNL30A+9KokD7RB3dRCIqODFjodS5tCD5yyiZ8kIReGVZSDfA3XkkwyyOIF6K62A=="],

    "bun-types": ["bun-types@1.2.20", "", { "dependencies": { "@types/node": "*" }, "peerDependencies": { "@types/react": "^19" } }, "sha512-pxTnQYOrKvdOwyiyd/7sMt9yFOenN004Y6O4lCcCUoKVej48FS5cvTw9geRaEcB9TsDZaJKAxPTVvi8tFsVuXA=="],

    "bun-webgpu": ["bun-webgpu@0.1.3", "", { "dependencies": { "@webgpu/types": "^0.1.60" }, "optionalDependencies": { "bun-webgpu-darwin-arm64": "^0.1.3", "bun-webgpu-darwin-x64": "^0.1.3", "bun-webgpu-linux-x64": "^0.1.3", "bun-webgpu-win32-x64": "^0.1.3" } }, "sha512-IXFxaIi4rgsEEpl9n/QVDm5RajCK/0FcOXZeMb52YRjoiAR1YVYK5hLrXT8cm+KDi6LVahA9GJFqOR4yiloVCw=="],

    "bun-webgpu-darwin-arm64": ["bun-webgpu-darwin-arm64@0.1.3", "", { "os": "darwin", "cpu": "arm64" }, "sha512-KkNQ9gT7dxGDndQaHTTHss9miukqpczML3pO2nZJoT/nITwe9lw3ZGFJMujkW41BUQ1mDYKFgo5nBGf9xYHPAg=="],

    "bun-webgpu-darwin-x64": ["bun-webgpu-darwin-x64@0.1.3", "", { "os": "darwin", "cpu": "x64" }, "sha512-TODWnMUbCoqD/wqzlB3oGOBIUWIFly0lqMeBFz/MBV+ndjbnkNrP9huaZJCTkCVEPKGtd1FCM3ExZUtBbnGziA=="],

    "bun-webgpu-linux-x64": ["bun-webgpu-linux-x64@0.1.3", "", { "os": "linux", "cpu": "x64" }, "sha512-lVHORoVu1G61XVM8CRRqUsqr6w8kMlpuSpbPGpKUpmvrsoay6ymXAhT5lRPKyrGNamHUQTknmWdI59aRDCfLtQ=="],

    "bun-webgpu-win32-x64": ["bun-webgpu-win32-x64@0.1.3", "", { "os": "win32", "cpu": "x64" }, "sha512-vlspsFffctJlBnFfs2lW3QgDD6LyFu8VT18ryID7Qka5poTj0clGVRxz7DFRi7yva3GovEGw/82z/WVc5US8Pw=="],

    "csstype": ["csstype@3.1.3", "", {}, "sha512-M1uQkMl8rQK/szD0LNhtqxIPLpimGm8sOBwU7lLnCpSbTyY3yeU1Vc7l4KT5zT4s/yOxHH5O7tIuuLOCnLADRw=="],

    "planck": ["planck@1.4.2", "", { "peerDependencies": { "stage-js": "^1.0.0-alpha.12" } }, "sha512-mNbhnV3g8X2rwGxzcesjmN8BDA6qfXgQxXVMkWau9MCRlQY0RLNEkyHlVp6yFy/X6qrzAXyNONCnZ1cGDLrNew=="],

    "react": ["react@19.1.1", "", {}, "sha512-w8nqGImo45dmMIfljjMwOGtbmC/mk4CMYhWIicdSflH91J9TyCyczcPFXJzrZ/ZXcgGRFeP6BU0BEJTw6tZdfQ=="],

    "react-reconciler": ["react-reconciler@0.32.0", "", { "dependencies": { "scheduler": "^0.26.0" }, "peerDependencies": { "react": "^19.1.0" } }, "sha512-2NPMOzgTlG0ZWdIf3qG+dcbLSoAc/uLfOwckc3ofy5sSK0pLJqnQLpUFxvGcN2rlXSjnVtGeeFLNimCQEj5gOQ=="],

    "scheduler": ["scheduler@0.26.0", "", {}, "sha512-NlHwttCI/l5gCPR3D1nNXtWABUmBwvZpEQiD4IXSbIDq8BzLIK/7Ir5gTFSGZDUu37K5cMNp0hFtzO38sC7gWA=="],

    "stage-js": ["stage-js@1.0.0-alpha.17", "", {}, "sha512-AzlMO+t51v6cFvKZ+Oe9DJnL1OXEH5s9bEy6di5aOrUpcP7PCzI/wIeXF0u3zg0L89gwnceoKxrLId0ZpYnNXw=="],

    "three": ["three@0.177.0", "", {}, "sha512-EiXv5/qWAaGI+Vz2A+JfavwYCMdGjxVsrn3oBwllUoqYeaBO75J63ZfyaQKoiLrqNHoTlUc6PFgMXnS0kI45zg=="],

    "typescript": ["typescript@5.9.2", "", { "bin": { "tsc": "bin/tsc", "tsserver": "bin/tsserver" } }, "sha512-CWBzXQrc/qOkhidw1OzBTQuYRbfyxDXJMVJ1XNwUHGROVmuaeiEm3OslpZ1RV96d7SKKjZKrSJu3+t/xlw3R9A=="],

    "undici-types": ["undici-types@7.10.0", "", {}, "sha512-t5Fy/nfn+14LuOc2KNYg75vZqClpAiqscVvMygNnlsHBFpSXdJaYtXMcdNLpl/Qvc3P2cB3s6lOV51nqsFq4ag=="],
  }
}
